
Microsoft Visual Studio Solution File, Format Version 12.00
# Visual Studio Version 16
VisualStudioVersion = 16.0.30717.126
MinimumVisualStudioVersion = 10.0.40219.1
Project("{FAE04EC0-301F-11D3-BF4B-00C04F79EFBC}") = "github01", "github01.csproj", "{C3F55078-6DF5-4F2D-AD42-D6346A3F2ECD}"
EndProject
Global
	GlobalSection(SolutionConfigurationPlatforms) = preSolution
		Debug|Any CPU = Debug|Any CPU
		Release|Any CPU = Release|Any CPU
	EndGlobalSection
	GlobalSection(ProjectConfigurationPlatforms) = postSolution
		{C3F55078-6DF5-4F2D-AD42-D6346A3F2ECD}.Debug|Any CPU.ActiveCfg = Debug|Any CPU
		{C3F55078-6DF5-4F2D-AD42-D6346A3F2ECD}.Debug|Any CPU.Build.0 = Debug|Any CPU
		{C3F55078-6DF5-4F2D-AD42-D6346A3F2ECD}.Release|Any CPU.ActiveCfg = Release|Any CPU
		{C3F55078-6DF5-4F2D-AD42-D6346A3F2ECD}.Release|Any CPU.Build.0 = Release|Any CPU
	EndGlobalSection
	GlobalSection(SolutionProperties) = preSolution
		HideSolutionNode = FALSE
	EndGlobalSection
	GlobalSection(ExtensibilityGlobals) = postSolution
		SolutionGuid = {9E9B7B1B-F682-411C-897E-18AE56774FA7}
	EndGlobalSection
EndGlobal
